{
  "nodes": {
    "nixpkgs": {
      "locked": {
        "lastModified": 1659389018,
        "narHash": "sha256-x1yBwEIPJcJJrz9kOdeHqIEk9f7eYVrxmPV8417Tf6o=",
        "owner": "NixOS",
        "repo": "nixpkgs",
        "rev": "8fb01fab4f38dbcf6e5e55a786aef0d77fe28865",
        "type": "github"
      },
      "original": {
        "owner": "NixOS",
        "repo": "nixpkgs",
        "rev": "8fb01fab4f38dbcf6e5e55a786aef0d77fe28865",
        "type": "github"
      }
    },
    "root": {
      "inputs": {
        "nixpkgs": "nixpkgs"
      }
    }
  },
  "root": "root",
  "version": 7
}
